
Microsoft Visual Studio Solution File, Format Version 12.00
# Visual Studio 15
VisualStudioVersion = 15.0.27703.2042
MinimumVisualStudioVersion = 10.0.40219.1
Project("{8BC9CEB8-8B4A-11D0-8D11-00A0C91BC942}") = "TheAnnotatedSTLSources", "TheAnnotatedSTLSources\TheAnnotatedSTLSources.vcxproj", "{84FFC801-4704-4D23-9EAF-500F6EDA2B56}"
EndProject
Global
	GlobalSection(SolutionConfigurationPlatforms) = preSolution
		Debug|x64 = Debug|x64
		Debug|x86 = Debug|x86
		Release|x64 = Release|x64
		Release|x86 = Release|x86
	EndGlobalSection
	GlobalSection(ProjectConfigurationPlatforms) = postSolution
		{84FFC801-4704-4D23-9EAF-500F6EDA2B56}.Debug|x64.ActiveCfg = Debug|x64
		{84FFC801-4704-4D23-9EAF-500F6EDA2B56}.Debug|x64.Build.0 = Debug|x64
		{84FFC801-4704-4D23-9EAF-500F6EDA2B56}.Debug|x86.ActiveCfg = Debug|Win32
		{84FFC801-4704-4D23-9EAF-500F6EDA2B56}.Debug|x86.Build.0 = Debug|Win32
		{84FFC801-4704-4D23-9EAF-500F6EDA2B56}.Release|x64.ActiveCfg = Release|x64
		{84FFC801-4704-4D23-9EAF-500F6EDA2B56}.Release|x64.Build.0 = Release|x64
		{84FFC801-4704-4D23-9EAF-500F6EDA2B56}.Release|x86.ActiveCfg = Release|Win32
		{84FFC801-4704-4D23-9EAF-500F6EDA2B56}.Release|x86.Build.0 = Release|Win32
	EndGlobalSection
	GlobalSection(SolutionProperties) = preSolution
		HideSolutionNode = FALSE
	EndGlobalSection
	GlobalSection(ExtensibilityGlobals) = postSolution
		SolutionGuid = {640B1AC0-FAB8-4489-B9E2-E51EEA1AC063}
	EndGlobalSection
EndGlobal
